// !$*UTF8*$!
{
	archiveVersion = 1;
	classes = {
	};
	objectVersion = 46;
	objects = {

/* Begin PBXBuildFile section */
		5F2A54CC1C8D413800515DED /* Autocomplete.storyboard in Resources */ = {isa = PBXBuildFile; fileRef = 5F2A54CB1C8D413800515DED /* Autocomplete.storyboard */; };
		5F2A54CE1C8D506700515DED /* Autocomplete.swift in Sources */ = {isa = PBXBuildFile; fileRef = 5F2A54CD1C8D506700515DED /* Autocomplete.swift */; };
		5F906B951C91342800CEE5C3 /* DefaultAutoCompleteCell.xib in Resources */ = {isa = PBXBuildFile; fileRef = 5F906B941C91342800CEE5C3 /* DefaultAutoCompleteCell.xib */; };
		5F9AEB421C9408F900AD1E7A /* AutocompleteCellData.swift in Sources */ = {isa = PBXBuildFile; fileRef = 5F9AEB411C9408F900AD1E7A /* AutocompleteCellData.swift */; };
		5FB06A141C9297600024A7A3 /* CustomCell.xib in Resources */ = {isa = PBXBuildFile; fileRef = 5FB06A131C9297600024A7A3 /* CustomCell.xib */; };
		5FB06A161C9298880024A7A3 /* CustomCell.swift in Sources */ = {isa = PBXBuildFile; fileRef = 5FB06A151C9298880024A7A3 /* CustomCell.swift */; };
		5FB06A181C929B190024A7A3 /* AutocompleteDelegate.swift in Sources */ = {isa = PBXBuildFile; fileRef = 5FB06A171C929B190024A7A3 /* AutocompleteDelegate.swift */; };
		5FDF3D521C8CEE600038D01A /* AppDelegate.swift in Sources */ = {isa = PBXBuildFile; fileRef = 5FDF3D511C8CEE600038D01A /* AppDelegate.swift */; };
		5FDF3D541C8CEE600038D01A /* ViewController.swift in Sources */ = {isa = PBXBuildFile; fileRef = 5FDF3D531C8CEE600038D01A /* ViewController.swift */; };
		5FDF3D571C8CEE600038D01A /* Main.storyboard in Resources */ = {isa = PBXBuildFile; fileRef = 5FDF3D551C8CEE600038D01A /* Main.storyboard */; };
		5FDF3D591C8CEE600038D01A /* Assets.xcassets in Resources */ = {isa = PBXBuildFile; fileRef = 5FDF3D581C8CEE600038D01A /* Assets.xcassets */; };
		5FDF3D5C1C8CEE600038D01A /* LaunchScreen.storyboard in Resources */ = {isa = PBXBuildFile; fileRef = 5FDF3D5A1C8CEE600038D01A /* LaunchScreen.storyboard */; };
		5FDF3D641C8CF4220038D01A /* Countries.swift in Sources */ = {isa = PBXBuildFile; fileRef = 5FDF3D631C8CF4220038D01A /* Countries.swift */; };
		5FDF3D691C8CFBEA0038D01A /* AutoCompleteViewController.swift in Sources */ = {isa = PBXBuildFile; fileRef = 5FDF3D681C8CFBEA0038D01A /* AutoCompleteViewController.swift */; };
		5FDF3D6B1C8CFC0C0038D01A /* AutoCompleteCell.swift in Sources */ = {isa = PBXBuildFile; fileRef = 5FDF3D6A1C8CFC0C0038D01A /* AutoCompleteCell.swift */; };
		5FDF3D6D1C8CFD2D0038D01A /* TableViewDelegate.swift in Sources */ = {isa = PBXBuildFile; fileRef = 5FDF3D6C1C8CFD2D0038D01A /* TableViewDelegate.swift */; };
		5FDF3D6F1C8CFD360038D01A /* TableViewDatasource.swift in Sources */ = {isa = PBXBuildFile; fileRef = 5FDF3D6E1C8CFD360038D01A /* TableViewDatasource.swift */; };
/* End PBXBuildFile section */

/* Begin PBXFileReference section */
		5F2A54CB1C8D413800515DED /* Autocomplete.storyboard */ = {isa = PBXFileReference; fileEncoding = 4; lastKnownFileType = file.storyboard; path = Autocomplete.storyboard; sourceTree = "<group>"; };
		5F2A54CD1C8D506700515DED /* Autocomplete.swift */ = {isa = PBXFileReference; fileEncoding = 4; lastKnownFileType = sourcecode.swift; path = Autocomplete.swift; sourceTree = "<group>"; };
		5F906B941C91342800CEE5C3 /* DefaultAutoCompleteCell.xib */ = {isa = PBXFileReference; fileEncoding = 4; lastKnownFileType = file.xib; path = DefaultAutoCompleteCell.xib; sourceTree = "<group>"; };
		5F9AEB411C9408F900AD1E7A /* AutocompleteCellData.swift */ = {isa = PBXFileReference; fileEncoding = 4; lastKnownFileType = sourcecode.swift; path = AutocompleteCellData.swift; sourceTree = "<group>"; };
		5FB06A131C9297600024A7A3 /* CustomCell.xib */ = {isa = PBXFileReference; fileEncoding = 4; lastKnownFileType = file.xib; path = CustomCell.xib; sourceTree = "<group>"; };
		5FB06A151C9298880024A7A3 /* CustomCell.swift */ = {isa = PBXFileReference; fileEncoding = 4; lastKnownFileType = sourcecode.swift; path = CustomCell.swift; sourceTree = "<group>"; };
		5FB06A171C929B190024A7A3 /* AutocompleteDelegate.swift */ = {isa = PBXFileReference; fileEncoding = 4; lastKnownFileType = sourcecode.swift; path = AutocompleteDelegate.swift; sourceTree = "<group>"; };
		5FDF3D4E1C8CEE600038D01A /* Autocomplete.app */ = {isa = PBXFileReference; explicitFileType = wrapper.application; includeInIndex = 0; path = Autocomplete.app; sourceTree = BUILT_PRODUCTS_DIR; };
		5FDF3D511C8CEE600038D01A /* AppDelegate.swift */ = {isa = PBXFileReference; lastKnownFileType = sourcecode.swift; path = AppDelegate.swift; sourceTree = "<group>"; };
		5FDF3D531C8CEE600038D01A /* ViewController.swift */ = {isa = PBXFileReference; lastKnownFileType = sourcecode.swift; path = ViewController.swift; sourceTree = "<group>"; };
		5FDF3D561C8CEE600038D01A /* Base */ = {isa = PBXFileReference; lastKnownFileType = file.storyboard; name = Base; path = Base.lproj/Main.storyboard; sourceTree = "<group>"; };
		5FDF3D581C8CEE600038D01A /* Assets.xcassets */ = {isa = PBXFileReference; lastKnownFileType = folder.assetcatalog; path = Assets.xcassets; sourceTree = "<group>"; };
		5FDF3D5B1C8CEE600038D01A /* Base */ = {isa = PBXFileReference; lastKnownFileType = file.storyboard; name = Base; path = Base.lproj/LaunchScreen.storyboard; sourceTree = "<group>"; };
		5FDF3D5D1C8CEE600038D01A /* Info.plist */ = {isa = PBXFileReference; lastKnownFileType = text.plist.xml; path = Info.plist; sourceTree = "<group>"; };
		5FDF3D631C8CF4220038D01A /* Countries.swift */ = {isa = PBXFileReference; fileEncoding = 4; lastKnownFileType = sourcecode.swift; path = Countries.swift; sourceTree = "<group>"; };
		5FDF3D681C8CFBEA0038D01A /* AutoCompleteViewController.swift */ = {isa = PBXFileReference; fileEncoding = 4; lastKnownFileType = sourcecode.swift; path = AutoCompleteViewController.swift; sourceTree = "<group>"; };
		5FDF3D6A1C8CFC0C0038D01A /* AutoCompleteCell.swift */ = {isa = PBXFileReference; fileEncoding = 4; lastKnownFileType = sourcecode.swift; path = AutoCompleteCell.swift; sourceTree = "<group>"; };
		5FDF3D6C1C8CFD2D0038D01A /* TableViewDelegate.swift */ = {isa = PBXFileReference; fileEncoding = 4; lastKnownFileType = sourcecode.swift; path = TableViewDelegate.swift; sourceTree = "<group>"; };
		5FDF3D6E1C8CFD360038D01A /* TableViewDatasource.swift */ = {isa = PBXFileReference; fileEncoding = 4; lastKnownFileType = sourcecode.swift; path = TableViewDatasource.swift; sourceTree = "<group>"; };
/* End PBXFileReference section */

/* Begin PBXFrameworksBuildPhase section */
		5FDF3D4B1C8CEE5F0038D01A /* Frameworks */ = {
			isa = PBXFrameworksBuildPhase;
			buildActionMask = 2147483647;
			files = (
			);
			runOnlyForDeploymentPostprocessing = 0;
		};
/* End PBXFrameworksBuildPhase section */

/* Begin PBXGroup section */
		5FDF3D451C8CEE5F0038D01A = {
			isa = PBXGroup;
			children = (
				5FDF3D501C8CEE600038D01A /* Autocomplete */,
				5FDF3D4F1C8CEE600038D01A /* Products */,
			);
			sourceTree = "<group>";
		};
		5FDF3D4F1C8CEE600038D01A /* Products */ = {
			isa = PBXGroup;
			children = (
				5FDF3D4E1C8CEE600038D01A /* Autocomplete.app */,
			);
			name = Products;
			sourceTree = "<group>";
		};
		5FDF3D501C8CEE600038D01A /* Autocomplete */ = {
			isa = PBXGroup;
			children = (
				5FDF3D671C8CFBC70038D01A /* AutoComplete */,
				5FDF3D511C8CEE600038D01A /* AppDelegate.swift */,
				5FDF3D531C8CEE600038D01A /* ViewController.swift */,
				5FDF3D551C8CEE600038D01A /* Main.storyboard */,
				5FDF3D581C8CEE600038D01A /* Assets.xcassets */,
				5FDF3D5A1C8CEE600038D01A /* LaunchScreen.storyboard */,
				5FDF3D5D1C8CEE600038D01A /* Info.plist */,
				5FDF3D631C8CF4220038D01A /* Countries.swift */,
				5FB06A131C9297600024A7A3 /* CustomCell.xib */,
				5FB06A151C9298880024A7A3 /* CustomCell.swift */,
			);
			path = Autocomplete;
			sourceTree = "<group>";
		};
		5FDF3D671C8CFBC70038D01A /* AutoComplete */ = {
			isa = PBXGroup;
			children = (
				5FDF3D681C8CFBEA0038D01A /* AutoCompleteViewController.swift */,
				5FDF3D6A1C8CFC0C0038D01A /* AutoCompleteCell.swift */,
				5FDF3D6C1C8CFD2D0038D01A /* TableViewDelegate.swift */,
				5FDF3D6E1C8CFD360038D01A /* TableViewDatasource.swift */,
				5F2A54CB1C8D413800515DED /* Autocomplete.storyboard */,
				5F2A54CD1C8D506700515DED /* Autocomplete.swift */,
				5F906B941C91342800CEE5C3 /* DefaultAutoCompleteCell.xib */,
				5FB06A171C929B190024A7A3 /* AutocompleteDelegate.swift */,
				5F9AEB411C9408F900AD1E7A /* AutocompleteCellData.swift */,
			);
			path = AutoComplete;
			sourceTree = "<group>";
		};
/* End PBXGroup section */

/* Begin PBXNativeTarget section */
		5FDF3D4D1C8CEE5F0038D01A /* Autocomplete */ = {
			isa = PBXNativeTarget;
			buildConfigurationList = 5FDF3D601C8CEE600038D01A /* Build configuration list for PBXNativeTarget "Autocomplete" */;
			buildPhases = (
				5FDF3D4A1C8CEE5F0038D01A /* Sources */,
				5FDF3D4B1C8CEE5F0038D01A /* Frameworks */,
				5FDF3D4C1C8CEE5F0038D01A /* Resources */,
			);
			buildRules = (
			);
			dependencies = (
			);
			name = Autocomplete;
			productName = Autocomplete;
			productReference = 5FDF3D4E1C8CEE600038D01A /* Autocomplete.app */;
			productType = "com.apple.product-type.application";
		};
/* End PBXNativeTarget section */

/* Begin PBXProject section */
		5FDF3D461C8CEE5F0038D01A /* Project object */ = {
			isa = PBXProject;
			attributes = {
				LastSwiftUpdateCheck = 0720;
				LastUpgradeCheck = 1010;
				ORGANIZATIONNAME = cjcoaxapps;
				TargetAttributes = {
					5FDF3D4D1C8CEE5F0038D01A = {
						CreatedOnToolsVersion = 7.2.1;
						DevelopmentTeam = GAX8T2STMT;
						LastSwiftMigration = 1010;
					};
				};
			};
			buildConfigurationList = 5FDF3D491C8CEE5F0038D01A /* Build configuration list for PBXProject "Autocomplete" */;
			compatibilityVersion = "Xcode 3.2";
			developmentRegion = English;
			hasScannedForEncodings = 0;
			knownRegions = (
				en,
				Base,
			);
			mainGroup = 5FDF3D451C8CEE5F0038D01A;
			productRefGroup = 5FDF3D4F1C8CEE600038D01A /* Products */;
			projectDirPath = "";
			projectRoot = "";
			targets = (
				5FDF3D4D1C8CEE5F0038D01A /* Autocomplete */,
			);
		};
/* End PBXProject section */

/* Begin PBXResourcesBuildPhase section */
		5FDF3D4C1C8CEE5F0038D01A /* Resources */ = {
			isa = PBXResourcesBuildPhase;
			buildActionMask = 2147483647;
			files = (
				5FB06A141C9297600024A7A3 /* CustomCell.xib in Resources */,
				5F2A54CC1C8D413800515DED /* Autocomplete.storyboard in Resources */,
				5FDF3D5C1C8CEE600038D01A /* LaunchScreen.storyboard in Resources */,
				5FDF3D591C8CEE600038D01A /* Assets.xcassets in Resources */,
				5FDF3D571C8CEE600038D01A /* Main.storyboard in Resources */,
				5F906B951C91342800CEE5C3 /* DefaultAutoCompleteCell.xib in Resources */,
			);
			runOnlyForDeploymentPostprocessing = 0;
		};
/* End PBXResourcesBuildPhase section */

/* Begin PBXSourcesBuildPhase section */
		5FDF3D4A1C8CEE5F0038D01A /* Sources */ = {
			isa = PBXSourcesBuildPhase;
			buildActionMask = 2147483647;
			files = (
				5F9AEB421C9408F900AD1E7A /* AutocompleteCellData.swift in Sources */,
				5FDF3D691C8CFBEA0038D01A /* AutoCompleteViewController.swift in Sources */,
				5FDF3D541C8CEE600038D01A /* ViewController.swift in Sources */,
				5FDF3D641C8CF4220038D01A /* Countries.swift in Sources */,
				5FDF3D6B1C8CFC0C0038D01A /* AutoCompleteCell.swift in Sources */,
				5FB06A161C9298880024A7A3 /* CustomCell.swift in Sources */,
				5FDF3D6D1C8CFD2D0038D01A /* TableViewDelegate.swift in Sources */,
				5FDF3D521C8CEE600038D01A /* AppDelegate.swift in Sources */,
				5FDF3D6F1C8CFD360038D01A /* TableViewDatasource.swift in Sources */,
				5FB06A181C929B190024A7A3 /* AutocompleteDelegate.swift in Sources */,
				5F2A54CE1C8D506700515DED /* Autocomplete.swift in Sources */,
			);
			runOnlyForDeploymentPostprocessing = 0;
		};
/* End PBXSourcesBuildPhase section */

/* Begin PBXVariantGroup section */
		5FDF3D551C8CEE600038D01A /* Main.storyboard */ = {
			isa = PBXVariantGroup;
			children = (
				5FDF3D561C8CEE600038D01A /* Base */,
			);
			name = Main.storyboard;
			sourceTree = "<group>";
		};
		5FDF3D5A1C8CEE600038D01A /* LaunchScreen.storyboard */ = {
			isa = PBXVariantGroup;
			children = (
				5FDF3D5B1C8CEE600038D01A /* Base */,
			);
			name = LaunchScreen.storyboard;
			sourceTree = "<group>";
		};
/* End PBXVariantGroup section */

/* Begin XCBuildConfiguration section */
		5FDF3D5E1C8CEE600038D01A /* Debug */ = {
			isa = XCBuildConfiguration;
			buildSettings = {
				ALWAYS_SEARCH_USER_PATHS = NO;
				CLANG_CXX_LANGUAGE_STANDARD = "gnu++0x";
				CLANG_CXX_LIBRARY = "libc++";
				CLANG_ENABLE_MODULES = YES;
				CLANG_ENABLE_OBJC_ARC = YES;
				CLANG_WARN_BLOCK_CAPTURE_AUTORELEASING = YES;
				CLANG_WARN_BOOL_CONVERSION = YES;
				CLANG_WARN_COMMA = YES;
				CLANG_WARN_CONSTANT_CONVERSION = YES;
				CLANG_WARN_DEPRECATED_OBJC_IMPLEMENTATIONS = YES;
				CLANG_WARN_DIRECT_OBJC_ISA_USAGE = YES_ERROR;
				CLANG_WARN_EMPTY_BODY = YES;
				CLANG_WARN_ENUM_CONVERSION = YES;
				CLANG_WARN_INFINITE_RECURSION = YES;
				CLANG_WARN_INT_CONVERSION = YES;
				CLANG_WARN_NON_LITERAL_NULL_CONVERSION = YES;
				CLANG_WARN_OBJC_IMPLICIT_RETAIN_SELF = YES;
				CLANG_WARN_OBJC_LITERAL_CONVERSION = YES;
				CLANG_WARN_OBJC_ROOT_CLASS = YES_ERROR;
				CLANG_WARN_RANGE_LOOP_ANALYSIS = YES;
				CLANG_WARN_STRICT_PROTOTYPES = YES;
				CLANG_WARN_SUSPICIOUS_MOVE = YES;
				CLANG_WARN_UNREACHABLE_CODE = YES;
				CLANG_WARN__DUPLICATE_METHOD_MATCH = YES;
				"CODE_SIGN_IDENTITY[sdk=iphoneos*]" = "iPhone Developer";
				COPY_PHASE_STRIP = NO;
				DEBUG_INFORMATION_FORMAT = dwarf;
				ENABLE_STRICT_OBJC_MSGSEND = YES;
				ENABLE_TESTABILITY = YES;
				GCC_C_LANGUAGE_STANDARD = gnu99;
				GCC_DYNAMIC_NO_PIC = NO;
				GCC_NO_COMMON_BLOCKS = YES;
				GCC_OPTIMIZATION_LEVEL = 0;
				GCC_PREPROCESSOR_DEFINITIONS = (
					"DEBUG=1",
					"$(inherited)",
				);
				GCC_WARN_64_TO_32_BIT_CONVERSION = YES;
				GCC_WARN_ABOUT_RETURN_TYPE = YES_ERROR;
				GCC_WARN_UNDECLARED_SELECTOR = YES;
				GCC_WARN_UNINITIALIZED_AUTOS = YES_AGGRESSIVE;
				GCC_WARN_UNUSED_FUNCTION = YES;
				GCC_WARN_UNUSED_VARIABLE = YES;
				IPHONEOS_DEPLOYMENT_TARGET = 9.2;
				MTL_ENABLE_DEBUG_INFO = YES;
				ONLY_ACTIVE_ARCH = YES;
				SDKROOT = iphoneos;
				SWIFT_OPTIMIZATION_LEVEL = "-Onone";
			};
			name = Debug;
		};
		5FDF3D5F1C8CEE600038D01A /* Release */ = {
			isa = XCBuildConfiguration;
			buildSettings = {
				ALWAYS_SEARCH_USER_PATHS = NO;
				CLANG_CXX_LANGUAGE_STANDARD = "gnu++0x";
				CLANG_CXX_LIBRARY = "libc++";
				CLANG_ENABLE_MODULES = YES;
				CLANG_ENABLE_OBJC_ARC = YES;
				CLANG_WARN_BLOCK_CAPTURE_AUTORELEASING = YES;
				CLANG_WARN_BOOL_CONVERSION = YES;
				CLANG_WARN_COMMA = YES;
				CLANG_WARN_CONSTANT_CONVERSION = YES;
				CLANG_WARN_DEPRECATED_OBJC_IMPLEMENTATIONS = YES;
				CLANG_WARN_DIRECT_OBJC_ISA_USAGE = YES_ERROR;
				CLANG_WARN_EMPTY_BODY = YES;
				CLANG_WARN_ENUM_CONVERSION = YES;
				CLANG_WARN_INFINITE_RECURSION = YES;
				CLANG_WARN_INT_CONVERSION = YES;
				CLANG_WARN_NON_LITERAL_NULL_CONVERSION = YES;
				CLANG_WARN_OBJC_IMPLICIT_RETAIN_SELF = YES;
				CLANG_WARN_OBJC_LITERAL_CONVERSION = YES;
				CLANG_WARN_OBJC_ROOT_CLASS = YES_ERROR;
				CLANG_WARN_RANGE_LOOP_ANALYSIS = YES;
				CLANG_WARN_STRICT_PROTOTYPES = YES;
				CLANG_WARN_SUSPICIOUS_MOVE = YES;
				CLANG_WARN_UNREACHABLE_CODE = YES;
				CLANG_WARN__DUPLICATE_METHOD_MATCH = YES;
				"CODE_SIGN_IDENTITY[sdk=iphoneos*]" = "iPhone Developer";
				COPY_PHASE_STRIP = NO;
				DEBUG_INFORMATION_FORMAT = "dwarf-with-dsym";
				ENABLE_NS_ASSERTIONS = NO;
				ENABLE_STRICT_OBJC_MSGSEND = YES;
				GCC_C_LANGUAGE_STANDARD = gnu99;
				GCC_NO_COMMON_BLOCKS = YES;
				GCC_WARN_64_TO_32_BIT_CONVERSION = YES;
				GCC_WARN_ABOUT_RETURN_TYPE = YES_ERROR;
				GCC_WARN_UNDECLARED_SELECTOR = YES;
				GCC_WARN_UNINITIALIZED_AUTOS = YES_AGGRESSIVE;
				GCC_WARN_UNUSED_FUNCTION = YES;
				GCC_WARN_UNUSED_VARIABLE = YES;
				IPHONEOS_DEPLOYMENT_TARGET = 9.2;
				MTL_ENABLE_DEBUG_INFO = NO;
				SDKROOT = iphoneos;
				SWIFT_COMPILATION_MODE = wholemodule;
				VALIDATE_PRODUCT = YES;
			};
			name = Release;
		};
		5FDF3D611C8CEE600038D01A /* Debug */ = {
			isa = XCBuildConfiguration;
			buildSettings = {
				ASSETCATALOG_COMPILER_APPICON_NAME = AppIcon;
				CODE_SIGN_IDENTITY = "iPhone Developer: Amir REZVANI (873J9T66Y6)";
				DEVELOPMENT_TEAM = GAX8T2STMT;
				INFOPLIST_FILE = Autocomplete/Info.plist;
				LD_RUNPATH_SEARCH_PATHS = "$(inherited) @executable_path/Frameworks";
				PRODUCT_BUNDLE_IDENTIFIER = com.cjcoaxapps.Autocomplete;
				PRODUCT_NAME = "$(TARGET_NAME)";
				PROVISIONING_PROFILE = "ad8ccb02-88f9-4881-bd2e-18141a0666e3";
				PROVISIONING_PROFILE_SPECIFIER = "XC: *";
				SWIFT_SWIFT3_OBJC_INFERENCE = Default;
				SWIFT_VERSION = 4.2;
			};
			name = Debug;
		};
		5FDF3D621C8CEE600038D01A /* Release */ = {
			isa = XCBuildConfiguration;
			buildSettings = {
				ASSETCATALOG_COMPILER_APPICON_NAME = AppIcon;
				CODE_SIGN_IDENTITY = "iPhone Developer: Amir REZVANI (873J9T66Y6)";
				INFOPLIST_FILE = Autocomplete/Info.plist;
				LD_RUNPATH_SEARCH_PATHS = "$(inherited) @executable_path/Frameworks";
				PRODUCT_BUNDLE_IDENTIFIER = com.cjcoaxapps.Autocomplete;
				PRODUCT_NAME = "$(TARGET_NAME)";
				SWIFT_SWIFT3_OBJC_INFERENCE = Default;
				SWIFT_VERSION = 4.2;
			};
			name = Release;
		};
/* End XCBuildConfiguration section */

/* Begin XCConfigurationList section */
		5FDF3D491C8CEE5F0038D01A /* Build configuration list for PBXProject "Autocomplete" */ = {
			isa = XCConfigurationList;
			buildConfigurations = (
				5FDF3D5E1C8CEE600038D01A /* Debug */,
				5FDF3D5F1C8CEE600038D01A /* Release */,
			);
			defaultConfigurationIsVisible = 0;
			defaultConfigurationName = Release;
		};
		5FDF3D601C8CEE600038D01A /* Build configuration list for PBXNativeTarget "Autocomplete" */ = {
			isa = XCConfigurationList;
			buildConfigurations = (
				5FDF3D611C8CEE600038D01A /* Debug */,
				5FDF3D621C8CEE600038D01A /* Release */,
			);
			defaultConfigurationIsVisible = 0;
			defaultConfigurationName = Release;
		};
/* End XCConfigurationList section */
	};
	rootObject = 5FDF3D461C8CEE5F0038D01A /* Project object */;
}
